# This file is automatically @generated by Cargo.
# It is not intended for manual editing.
version = 4

[[package]]
name = "px-ast"
version = "0.0.0"

[[package]]
name = "px-compiler"
version = "0.0.0"

[[package]]
name = "px-eval"
version = "0.0.0"

[[package]]
name = "px-grammar"
version = "0.0.0"

[[package]]
name = "px-grammar-gen"
version = "0.0.0"

[[package]]
name = "px-napi"
version = "0.0.0"

[[package]]
name = "px-schema"
version = "0.0.0"

[[package]]
name = "px-schema-derive"
version = "0.0.0"

[[package]]
name = "px-yaml"
version = "0.0.0"
